
Microsoft Visual Studio Solution File, Format Version 12.00
# Visual Studio Version 17
VisualStudioVersion = 17.14.36401.2 d17.14
MinimumVisualStudioVersion = 10.0.40219.1
Project("{FAE04EC0-301F-11D3-BF4B-00C04F79EFBC}") = "ExposingAPI", "ExposingAPI\ExposingAPI.csproj", "{072752D4-A629-4CC6-948B-EA796F03E5F6}"
EndProject
Project("{FAE04EC0-301F-11D3-BF4B-00C04F79EFBC}") = "Shared", "Shared\Shared.csproj", "{42FB9715-0A54-4D9F-B72C-4E93FC41D673}"
EndProject
Global
	GlobalSection(SolutionConfigurationPlatforms) = preSolution
		Debug|Any CPU = Debug|Any CPU
		Release|Any CPU = Release|Any CPU
	EndGlobalSection
	GlobalSection(ProjectConfigurationPlatforms) = postSolution
		{072752D4-A629-4CC6-948B-EA796F03E5F6}.Debug|Any CPU.ActiveCfg = Debug|Any CPU
		{072752D4-A629-4CC6-948B-EA796F03E5F6}.Debug|Any CPU.Build.0 = Debug|Any CPU
		{072752D4-A629-4CC6-948B-EA796F03E5F6}.Release|Any CPU.ActiveCfg = Release|Any CPU
		{072752D4-A629-4CC6-948B-EA796F03E5F6}.Release|Any CPU.Build.0 = Release|Any CPU
		{42FB9715-0A54-4D9F-B72C-4E93FC41D673}.Debug|Any CPU.ActiveCfg = Debug|Any CPU
		{42FB9715-0A54-4D9F-B72C-4E93FC41D673}.Debug|Any CPU.Build.0 = Debug|Any CPU
		{42FB9715-0A54-4D9F-B72C-4E93FC41D673}.Release|Any CPU.ActiveCfg = Release|Any CPU
		{42FB9715-0A54-4D9F-B72C-4E93FC41D673}.Release|Any CPU.Build.0 = Release|Any CPU
	EndGlobalSection
	GlobalSection(SolutionProperties) = preSolution
		HideSolutionNode = FALSE
	EndGlobalSection
	GlobalSection(ExtensibilityGlobals) = postSolution
		SolutionGuid = {8369EB31-CBA2-4EAD-AAC2-78418B8A73AD}
	EndGlobalSection
EndGlobal
